
Microsoft Visual Studio Solution File, Format Version 12.00
# Visual Studio Version 17
VisualStudioVersion = 17.11.35312.102
MinimumVisualStudioVersion = 10.0.40219.1
Project("{FAE04EC0-301F-11D3-BF4B-00C04F79EFBC}") = "Krouzek4", "Krouzek4\Krouzek4.csproj", "{50291256-5F2E-446B-9341-6F48B227B47D}"
EndProject
Global
	GlobalSection(SolutionConfigurationPlatforms) = preSolution
		Debug|Any CPU = Debug|Any CPU
		Release|Any CPU = Release|Any CPU
	EndGlobalSection
	GlobalSection(ProjectConfigurationPlatforms) = postSolution
		{50291256-5F2E-446B-9341-6F48B227B47D}.Debug|Any CPU.ActiveCfg = Debug|Any CPU
		{50291256-5F2E-446B-9341-6F48B227B47D}.Debug|Any CPU.Build.0 = Debug|Any CPU
		{50291256-5F2E-446B-9341-6F48B227B47D}.Release|Any CPU.ActiveCfg = Release|Any CPU
		{50291256-5F2E-446B-9341-6F48B227B47D}.Release|Any CPU.Build.0 = Release|Any CPU
	EndGlobalSection
	GlobalSection(SolutionProperties) = preSolution
		HideSolutionNode = FALSE
	EndGlobalSection
	GlobalSection(ExtensibilityGlobals) = postSolution
		SolutionGuid = {951920EC-FB58-47C5-A7FE-9BEE4583EFB8}
	EndGlobalSection
EndGlobal
