
Microsoft Visual Studio Solution File, Format Version 12.00
# Visual Studio Version 17
VisualStudioVersion = 17.11.35312.102
MinimumVisualStudioVersion = 10.0.40219.1
Project("{FAE04EC0-301F-11D3-BF4B-00C04F79EFBC}") = "Krouzek2", "Krouzek2\Krouzek2.csproj", "{8B274546-F48A-4BD8-95AE-9CC326D9FF52}"
EndProject
Global
	GlobalSection(SolutionConfigurationPlatforms) = preSolution
		Debug|Any CPU = Debug|Any CPU
		Release|Any CPU = Release|Any CPU
	EndGlobalSection
	GlobalSection(ProjectConfigurationPlatforms) = postSolution
		{8B274546-F48A-4BD8-95AE-9CC326D9FF52}.Debug|Any CPU.ActiveCfg = Debug|Any CPU
		{8B274546-F48A-4BD8-95AE-9CC326D9FF52}.Debug|Any CPU.Build.0 = Debug|Any CPU
		{8B274546-F48A-4BD8-95AE-9CC326D9FF52}.Release|Any CPU.ActiveCfg = Release|Any CPU
		{8B274546-F48A-4BD8-95AE-9CC326D9FF52}.Release|Any CPU.Build.0 = Release|Any CPU
	EndGlobalSection
	GlobalSection(SolutionProperties) = preSolution
		HideSolutionNode = FALSE
	EndGlobalSection
	GlobalSection(ExtensibilityGlobals) = postSolution
		SolutionGuid = {5553D3E4-4130-46D5-9C6B-950F2EB9275E}
	EndGlobalSection
EndGlobal
